// !$*UTF8*$!
{
	archiveVersion = 1;
	classes = {
	};
	objectVersion = 46;
	objects = {

/* Begin PBXBuildFile section */
		EA4D36511B8E65450060091C /* AppDelegate.swift in Sources */ = {isa = PBXBuildFile; fileRef = EA4D36501B8E65450060091C /* AppDelegate.swift */; };
		EA4D36541B8E65450060091C /* Fly_Smuthe.xcdatamodeld in Sources */ = {isa = PBXBuildFile; fileRef = EA4D36521B8E65450060091C /* Fly_Smuthe.xcdatamodeld */; };
		EA4D36561B8E65450060091C /* ViewController.swift in Sources */ = {isa = PBXBuildFile; fileRef = EA4D36551B8E65450060091C /* ViewController.swift */; };
		EA4D36591B8E65450060091C /* Main.storyboard in Resources */ = {isa = PBXBuildFile; fileRef = EA4D36571B8E65450060091C /* Main.storyboard */; };
		EA4D365B1B8E65450060091C /* Images.xcassets in Resources */ = {isa = PBXBuildFile; fileRef = EA4D365A1B8E65450060091C /* Images.xcassets */; };
		EA4D365E1B8E65450060091C /* LaunchScreen.xib in Resources */ = {isa = PBXBuildFile; fileRef = EA4D365C1B8E65450060091C /* LaunchScreen.xib */; };
		EA4D366A1B8E65450060091C /* Fly_SmutheTests.swift in Sources */ = {isa = PBXBuildFile; fileRef = EA4D36691B8E65450060091C /* Fly_SmutheTests.swift */; };
		EA667B841B8F4251001430B6 /* FindSmoothAirViewController.swift in Sources */ = {isa = PBXBuildFile; fileRef = EA667B831B8F4251001430B6 /* FindSmoothAirViewController.swift */; };
		EA667B881B8FAB92001430B6 /* DataCollectionManager.swift in Sources */ = {isa = PBXBuildFile; fileRef = EA667B871B8FAB92001430B6 /* DataCollectionManager.swift */; };
		EA667B8A1B8FC25F001430B6 /* ReportConditionsViewController.swift in Sources */ = {isa = PBXBuildFile; fileRef = EA667B891B8FC25F001430B6 /* ReportConditionsViewController.swift */; };
		EA667B901B92248F001430B6 /* TurbulenceStatisticRepository.swift in Sources */ = {isa = PBXBuildFile; fileRef = EA667B8F1B92248F001430B6 /* TurbulenceStatisticRepository.swift */; };
		EA667B961B922577001430B6 /* DateUtility.swift in Sources */ = {isa = PBXBuildFile; fileRef = EA667B951B922577001430B6 /* DateUtility.swift */; };
		EA667B981B9226D8001430B6 /* TurbulenceStatisticModel.swift in Sources */ = {isa = PBXBuildFile; fileRef = EA667B971B9226D8001430B6 /* TurbulenceStatisticModel.swift */; };
		EA667B9A1B9240BA001430B6 /* IJReachability.swift in Sources */ = {isa = PBXBuildFile; fileRef = EA667B991B9240BA001430B6 /* IJReachability.swift */; };
		EA667B9C1B924AB4001430B6 /* ThreadUtility.swift in Sources */ = {isa = PBXBuildFile; fileRef = EA667B9B1B924AB4001430B6 /* ThreadUtility.swift */; };
		EA667B9E1B924AD5001430B6 /* CancelableBlock.swift in Sources */ = {isa = PBXBuildFile; fileRef = EA667B9D1B924AD5001430B6 /* CancelableBlock.swift */; };
		EABCDE351B8E7C6C002572F4 /* PageViewController.swift in Sources */ = {isa = PBXBuildFile; fileRef = EABCDE341B8E7C6C002572F4 /* PageViewController.swift */; };
		EABCDE371B8E8215002572F4 /* PagedViewControllerBase.swift in Sources */ = {isa = PBXBuildFile; fileRef = EABCDE361B8E8215002572F4 /* PagedViewControllerBase.swift */; };
/* End PBXBuildFile section */

/* Begin PBXContainerItemProxy section */
		EA4D36641B8E65450060091C /* PBXContainerItemProxy */ = {
			isa = PBXContainerItemProxy;
			containerPortal = EA4D36431B8E65450060091C /* Project object */;
			proxyType = 1;
			remoteGlobalIDString = EA4D364A1B8E65450060091C;
			remoteInfo = "Fly Smuthe";
		};
/* End PBXContainerItemProxy section */

/* Begin PBXFileReference section */
		EA4D364B1B8E65450060091C /* Fly Smuthe.app */ = {isa = PBXFileReference; explicitFileType = wrapper.application; includeInIndex = 0; path = "Fly Smuthe.app"; sourceTree = BUILT_PRODUCTS_DIR; };
		EA4D364F1B8E65450060091C /* Info.plist */ = {isa = PBXFileReference; lastKnownFileType = text.plist.xml; path = Info.plist; sourceTree = "<group>"; };
		EA4D36501B8E65450060091C /* AppDelegate.swift */ = {isa = PBXFileReference; lastKnownFileType = sourcecode.swift; path = AppDelegate.swift; sourceTree = "<group>"; };
		EA4D36531B8E65450060091C /* Fly_Smuthe.xcdatamodel */ = {isa = PBXFileReference; lastKnownFileType = wrapper.xcdatamodel; path = Fly_Smuthe.xcdatamodel; sourceTree = "<group>"; };
		EA4D36551B8E65450060091C /* ViewController.swift */ = {isa = PBXFileReference; lastKnownFileType = sourcecode.swift; path = ViewController.swift; sourceTree = "<group>"; };
		EA4D36581B8E65450060091C /* Base */ = {isa = PBXFileReference; lastKnownFileType = file.storyboard; name = Base; path = Base.lproj/Main.storyboard; sourceTree = "<group>"; };
		EA4D365A1B8E65450060091C /* Images.xcassets */ = {isa = PBXFileReference; lastKnownFileType = folder.assetcatalog; path = Images.xcassets; sourceTree = "<group>"; };
		EA4D365D1B8E65450060091C /* Base */ = {isa = PBXFileReference; lastKnownFileType = file.xib; name = Base; path = Base.lproj/LaunchScreen.xib; sourceTree = "<group>"; };
		EA4D36631B8E65450060091C /* Fly SmutheTests.xctest */ = {isa = PBXFileReference; explicitFileType = wrapper.cfbundle; includeInIndex = 0; path = "Fly SmutheTests.xctest"; sourceTree = BUILT_PRODUCTS_DIR; };
		EA4D36681B8E65450060091C /* Info.plist */ = {isa = PBXFileReference; lastKnownFileType = text.plist.xml; path = Info.plist; sourceTree = "<group>"; };
		EA4D36691B8E65450060091C /* Fly_SmutheTests.swift */ = {isa = PBXFileReference; lastKnownFileType = sourcecode.swift; path = Fly_SmutheTests.swift; sourceTree = "<group>"; };
		EA667B831B8F4251001430B6 /* FindSmoothAirViewController.swift */ = {isa = PBXFileReference; fileEncoding = 4; lastKnownFileType = sourcecode.swift; path = FindSmoothAirViewController.swift; sourceTree = "<group>"; };
		EA667B871B8FAB92001430B6 /* DataCollectionManager.swift */ = {isa = PBXFileReference; fileEncoding = 4; lastKnownFileType = sourcecode.swift; path = DataCollectionManager.swift; sourceTree = "<group>"; };
		EA667B891B8FC25F001430B6 /* ReportConditionsViewController.swift */ = {isa = PBXFileReference; fileEncoding = 4; lastKnownFileType = sourcecode.swift; path = ReportConditionsViewController.swift; sourceTree = "<group>"; };
		EA667B8F1B92248F001430B6 /* TurbulenceStatisticRepository.swift */ = {isa = PBXFileReference; fileEncoding = 4; lastKnownFileType = sourcecode.swift; path = TurbulenceStatisticRepository.swift; sourceTree = "<group>"; };
		EA667B951B922577001430B6 /* DateUtility.swift */ = {isa = PBXFileReference; fileEncoding = 4; lastKnownFileType = sourcecode.swift; path = DateUtility.swift; sourceTree = "<group>"; };
		EA667B971B9226D8001430B6 /* TurbulenceStatisticModel.swift */ = {isa = PBXFileReference; fileEncoding = 4; lastKnownFileType = sourcecode.swift; path = TurbulenceStatisticModel.swift; sourceTree = "<group>"; };
		EA667B991B9240BA001430B6 /* IJReachability.swift */ = {isa = PBXFileReference; fileEncoding = 4; lastKnownFileType = sourcecode.swift; path = IJReachability.swift; sourceTree = "<group>"; };
		EA667B9B1B924AB4001430B6 /* ThreadUtility.swift */ = {isa = PBXFileReference; fileEncoding = 4; lastKnownFileType = sourcecode.swift; path = ThreadUtility.swift; sourceTree = "<group>"; };
		EA667B9D1B924AD5001430B6 /* CancelableBlock.swift */ = {isa = PBXFileReference; fileEncoding = 4; lastKnownFileType = sourcecode.swift; path = CancelableBlock.swift; sourceTree = "<group>"; };
		EABCDE341B8E7C6C002572F4 /* PageViewController.swift */ = {isa = PBXFileReference; fileEncoding = 4; lastKnownFileType = sourcecode.swift; path = PageViewController.swift; sourceTree = "<group>"; };
		EABCDE361B8E8215002572F4 /* PagedViewControllerBase.swift */ = {isa = PBXFileReference; fileEncoding = 4; lastKnownFileType = sourcecode.swift; path = PagedViewControllerBase.swift; sourceTree = "<group>"; };
/* End PBXFileReference section */

/* Begin PBXFrameworksBuildPhase section */
		EA4D36481B8E65450060091C /* Frameworks */ = {
			isa = PBXFrameworksBuildPhase;
			buildActionMask = 2147483647;
			files = (
			);
			runOnlyForDeploymentPostprocessing = 0;
		};
		EA4D36601B8E65450060091C /* Frameworks */ = {
			isa = PBXFrameworksBuildPhase;
			buildActionMask = 2147483647;
			files = (
			);
			runOnlyForDeploymentPostprocessing = 0;
		};
/* End PBXFrameworksBuildPhase section */

/* Begin PBXGroup section */
		EA4D36421B8E65450060091C = {
			isa = PBXGroup;
			children = (
				EA4D364D1B8E65450060091C /* Fly Smuthe */,
				EA4D36661B8E65450060091C /* Fly SmutheTests */,
				EA4D364C1B8E65450060091C /* Products */,
			);
			sourceTree = "<group>";
		};
		EA4D364C1B8E65450060091C /* Products */ = {
			isa = PBXGroup;
			children = (
				EA4D364B1B8E65450060091C /* Fly Smuthe.app */,
				EA4D36631B8E65450060091C /* Fly SmutheTests.xctest */,
			);
			name = Products;
			sourceTree = "<group>";
		};
		EA4D364D1B8E65450060091C /* Fly Smuthe */ = {
			isa = PBXGroup;
			children = (
				EA667B941B922563001430B6 /* Utilities */,
				EA667B911B92251F001430B6 /* Models */,
				EA667B8E1B92247E001430B6 /* Repositories */,
				EA667B861B8FAB6B001430B6 /* UI */,
				EA667B851B8FAB67001430B6 /* Managers */,
				EA4D365A1B8E65450060091C /* Images.xcassets */,
				EA4D36521B8E65450060091C /* Fly_Smuthe.xcdatamodeld */,
				EA4D364E1B8E65450060091C /* Supporting Files */,
			);
			path = "Fly Smuthe";
			sourceTree = "<group>";
		};
		EA4D364E1B8E65450060091C /* Supporting Files */ = {
			isa = PBXGroup;
			children = (
				EA4D364F1B8E65450060091C /* Info.plist */,
			);
			name = "Supporting Files";
			sourceTree = "<group>";
		};
		EA4D36661B8E65450060091C /* Fly SmutheTests */ = {
			isa = PBXGroup;
			children = (
				EA4D36691B8E65450060091C /* Fly_SmutheTests.swift */,
				EA4D36671B8E65450060091C /* Supporting Files */,
			);
			path = "Fly SmutheTests";
			sourceTree = "<group>";
		};
		EA4D36671B8E65450060091C /* Supporting Files */ = {
			isa = PBXGroup;
			children = (
				EA4D36681B8E65450060091C /* Info.plist */,
			);
			name = "Supporting Files";
			sourceTree = "<group>";
		};
		EA667B851B8FAB67001430B6 /* Managers */ = {
			isa = PBXGroup;
			children = (
				EA667B871B8FAB92001430B6 /* DataCollectionManager.swift */,
			);
			name = Managers;
			sourceTree = "<group>";
		};
		EA667B861B8FAB6B001430B6 /* UI */ = {
			isa = PBXGroup;
			children = (
				EABCDE341B8E7C6C002572F4 /* PageViewController.swift */,
				EABCDE361B8E8215002572F4 /* PagedViewControllerBase.swift */,
				EA667B831B8F4251001430B6 /* FindSmoothAirViewController.swift */,
				EA667B891B8FC25F001430B6 /* ReportConditionsViewController.swift */,
				EA4D365C1B8E65450060091C /* LaunchScreen.xib */,
				EA4D36501B8E65450060091C /* AppDelegate.swift */,
				EA4D36551B8E65450060091C /* ViewController.swift */,
				EA4D36571B8E65450060091C /* Main.storyboard */,
			);
			name = UI;
			sourceTree = "<group>";
		};
		EA667B8E1B92247E001430B6 /* Repositories */ = {
			isa = PBXGroup;
			children = (
				EA667B8F1B92248F001430B6 /* TurbulenceStatisticRepository.swift */,
			);
			name = Repositories;
			sourceTree = "<group>";
		};
		EA667B911B92251F001430B6 /* Models */ = {
			isa = PBXGroup;
			children = (
				EA667B971B9226D8001430B6 /* TurbulenceStatisticModel.swift */,
			);
			name = Models;
			sourceTree = "<group>";
		};
		EA667B941B922563001430B6 /* Utilities */ = {
			isa = PBXGroup;
			children = (
				EA667B951B922577001430B6 /* DateUtility.swift */,
				EA667B991B9240BA001430B6 /* IJReachability.swift */,
				EA667B9B1B924AB4001430B6 /* ThreadUtility.swift */,
				EA667B9D1B924AD5001430B6 /* CancelableBlock.swift */,
			);
			name = Utilities;
			sourceTree = "<group>";
		};
/* End PBXGroup section */

/* Begin PBXNativeTarget section */
		EA4D364A1B8E65450060091C /* Fly Smuthe */ = {
			isa = PBXNativeTarget;
			buildConfigurationList = EA4D366D1B8E65450060091C /* Build configuration list for PBXNativeTarget "Fly Smuthe" */;
			buildPhases = (
				EA4D36471B8E65450060091C /* Sources */,
				EA4D36481B8E65450060091C /* Frameworks */,
				EA4D36491B8E65450060091C /* Resources */,
			);
			buildRules = (
			);
			dependencies = (
			);
			name = "Fly Smuthe";
			productName = "Fly Smuthe";
			productReference = EA4D364B1B8E65450060091C /* Fly Smuthe.app */;
			productType = "com.apple.product-type.application";
		};
		EA4D36621B8E65450060091C /* Fly SmutheTests */ = {
			isa = PBXNativeTarget;
			buildConfigurationList = EA4D36701B8E65450060091C /* Build configuration list for PBXNativeTarget "Fly SmutheTests" */;
			buildPhases = (
				EA4D365F1B8E65450060091C /* Sources */,
				EA4D36601B8E65450060091C /* Frameworks */,
				EA4D36611B8E65450060091C /* Resources */,
			);
			buildRules = (
			);
			dependencies = (
				EA4D36651B8E65450060091C /* PBXTargetDependency */,
			);
			name = "Fly SmutheTests";
			productName = "Fly SmutheTests";
			productReference = EA4D36631B8E65450060091C /* Fly SmutheTests.xctest */;
			productType = "com.apple.product-type.bundle.unit-test";
		};
/* End PBXNativeTarget section */

/* Begin PBXProject section */
		EA4D36431B8E65450060091C /* Project object */ = {
			isa = PBXProject;
			attributes = {
				LastUpgradeCheck = 0640;
				ORGANIZATIONNAME = "Adam M Rivera";
				TargetAttributes = {
					EA4D364A1B8E65450060091C = {
						CreatedOnToolsVersion = 6.4;
						DevelopmentTeam = 7XUR4E25NP;
						SystemCapabilities = {
							com.apple.BackgroundModes = {
								enabled = 1;
							};
						};
					};
					EA4D36621B8E65450060091C = {
						CreatedOnToolsVersion = 6.4;
						TestTargetID = EA4D364A1B8E65450060091C;
					};
				};
			};
			buildConfigurationList = EA4D36461B8E65450060091C /* Build configuration list for PBXProject "Fly Smuthe" */;
			compatibilityVersion = "Xcode 3.2";
			developmentRegion = English;
			hasScannedForEncodings = 0;
			knownRegions = (
				en,
				Base,
			);
			mainGroup = EA4D36421B8E65450060091C;
			productRefGroup = EA4D364C1B8E65450060091C /* Products */;
			projectDirPath = "";
			projectRoot = "";
			targets = (
				EA4D364A1B8E65450060091C /* Fly Smuthe */,
				EA4D36621B8E65450060091C /* Fly SmutheTests */,
			);
		};
/* End PBXProject section */

/* Begin PBXResourcesBuildPhase section */
		EA4D36491B8E65450060091C /* Resources */ = {
			isa = PBXResourcesBuildPhase;
			buildActionMask = 2147483647;
			files = (
				EA4D36591B8E65450060091C /* Main.storyboard in Resources */,
				EA4D365E1B8E65450060091C /* LaunchScreen.xib in Resources */,
				EA4D365B1B8E65450060091C /* Images.xcassets in Resources */,
			);
			runOnlyForDeploymentPostprocessing = 0;
		};
		EA4D36611B8E65450060091C /* Resources */ = {
			isa = PBXResourcesBuildPhase;
			buildActionMask = 2147483647;
			files = (
			);
			runOnlyForDeploymentPostprocessing = 0;
		};
/* End PBXResourcesBuildPhase section */

/* Begin PBXSourcesBuildPhase section */
		EA4D36471B8E65450060091C /* Sources */ = {
			isa = PBXSourcesBuildPhase;
			buildActionMask = 2147483647;
			files = (
				EA4D36561B8E65450060091C /* ViewController.swift in Sources */,
				EA667B981B9226D8001430B6 /* TurbulenceStatisticModel.swift in Sources */,
				EA4D36511B8E65450060091C /* AppDelegate.swift in Sources */,
				EA667B9A1B9240BA001430B6 /* IJReachability.swift in Sources */,
				EA667B841B8F4251001430B6 /* FindSmoothAirViewController.swift in Sources */,
				EA667B901B92248F001430B6 /* TurbulenceStatisticRepository.swift in Sources */,
				EA667B881B8FAB92001430B6 /* DataCollectionManager.swift in Sources */,
				EA667B8A1B8FC25F001430B6 /* ReportConditionsViewController.swift in Sources */,
				EA667B9C1B924AB4001430B6 /* ThreadUtility.swift in Sources */,
				EA667B9E1B924AD5001430B6 /* CancelableBlock.swift in Sources */,
				EA4D36541B8E65450060091C /* Fly_Smuthe.xcdatamodeld in Sources */,
				EABCDE371B8E8215002572F4 /* PagedViewControllerBase.swift in Sources */,
				EA667B961B922577001430B6 /* DateUtility.swift in Sources */,
				EABCDE351B8E7C6C002572F4 /* PageViewController.swift in Sources */,
			);
			runOnlyForDeploymentPostprocessing = 0;
		};
		EA4D365F1B8E65450060091C /* Sources */ = {
			isa = PBXSourcesBuildPhase;
			buildActionMask = 2147483647;
			files = (
				EA4D366A1B8E65450060091C /* Fly_SmutheTests.swift in Sources */,
			);
			runOnlyForDeploymentPostprocessing = 0;
		};
/* End PBXSourcesBuildPhase section */

/* Begin PBXTargetDependency section */
		EA4D36651B8E65450060091C /* PBXTargetDependency */ = {
			isa = PBXTargetDependency;
			target = EA4D364A1B8E65450060091C /* Fly Smuthe */;
			targetProxy = EA4D36641B8E65450060091C /* PBXContainerItemProxy */;
		};
/* End PBXTargetDependency section */

/* Begin PBXVariantGroup section */
		EA4D36571B8E65450060091C /* Main.storyboard */ = {
			isa = PBXVariantGroup;
			children = (
				EA4D36581B8E65450060091C /* Base */,
			);
			name = Main.storyboard;
			sourceTree = "<group>";
		};
		EA4D365C1B8E65450060091C /* LaunchScreen.xib */ = {
			isa = PBXVariantGroup;
			children = (
				EA4D365D1B8E65450060091C /* Base */,
			);
			name = LaunchScreen.xib;
			sourceTree = "<group>";
		};
/* End PBXVariantGroup section */

/* Begin XCBuildConfiguration section */
		EA4D366B1B8E65450060091C /* Debug */ = {
			isa = XCBuildConfiguration;
			buildSettings = {
				ALWAYS_SEARCH_USER_PATHS = NO;
				CLANG_CXX_LANGUAGE_STANDARD = "gnu++0x";
				CLANG_CXX_LIBRARY = "libc++";
				CLANG_ENABLE_MODULES = YES;
				CLANG_ENABLE_OBJC_ARC = YES;
				CLANG_WARN_BOOL_CONVERSION = YES;
				CLANG_WARN_CONSTANT_CONVERSION = YES;
				CLANG_WARN_DIRECT_OBJC_ISA_USAGE = YES_ERROR;
				CLANG_WARN_EMPTY_BODY = YES;
				CLANG_WARN_ENUM_CONVERSION = YES;
				CLANG_WARN_INT_CONVERSION = YES;
				CLANG_WARN_OBJC_ROOT_CLASS = YES_ERROR;
				CLANG_WARN_UNREACHABLE_CODE = YES;
				CLANG_WARN__DUPLICATE_METHOD_MATCH = YES;
				"CODE_SIGN_IDENTITY[sdk=iphoneos*]" = "iPhone Developer";
				COPY_PHASE_STRIP = NO;
				DEBUG_INFORMATION_FORMAT = "dwarf-with-dsym";
				ENABLE_STRICT_OBJC_MSGSEND = YES;
				GCC_C_LANGUAGE_STANDARD = gnu99;
				GCC_DYNAMIC_NO_PIC = NO;
				GCC_NO_COMMON_BLOCKS = YES;
				GCC_OPTIMIZATION_LEVEL = 0;
				GCC_PREPROCESSOR_DEFINITIONS = (
					"DEBUG=1",
					"$(inherited)",
				);
				GCC_SYMBOLS_PRIVATE_EXTERN = NO;
				GCC_WARN_64_TO_32_BIT_CONVERSION = YES;
				GCC_WARN_ABOUT_RETURN_TYPE = YES_ERROR;
				GCC_WARN_UNDECLARED_SELECTOR = YES;
				GCC_WARN_UNINITIALIZED_AUTOS = YES_AGGRESSIVE;
				GCC_WARN_UNUSED_FUNCTION = YES;
				GCC_WARN_UNUSED_VARIABLE = YES;
				IPHONEOS_DEPLOYMENT_TARGET = 8.4;
				MTL_ENABLE_DEBUG_INFO = YES;
				ONLY_ACTIVE_ARCH = YES;
				SDKROOT = iphoneos;
				SWIFT_OPTIMIZATION_LEVEL = "-Onone";
				TARGETED_DEVICE_FAMILY = "1,2";
			};
			name = Debug;
		};
		EA4D366C1B8E65450060091C /* Release */ = {
			isa = XCBuildConfiguration;
			buildSettings = {
				ALWAYS_SEARCH_USER_PATHS = NO;
				CLANG_CXX_LANGUAGE_STANDARD = "gnu++0x";
				CLANG_CXX_LIBRARY = "libc++";
				CLANG_ENABLE_MODULES = YES;
				CLANG_ENABLE_OBJC_ARC = YES;
				CLANG_WARN_BOOL_CONVERSION = YES;
				CLANG_WARN_CONSTANT_CONVERSION = YES;
				CLANG_WARN_DIRECT_OBJC_ISA_USAGE = YES_ERROR;
				CLANG_WARN_EMPTY_BODY = YES;
				CLANG_WARN_ENUM_CONVERSION = YES;
				CLANG_WARN_INT_CONVERSION = YES;
				CLANG_WARN_OBJC_ROOT_CLASS = YES_ERROR;
				CLANG_WARN_UNREACHABLE_CODE = YES;
				CLANG_WARN__DUPLICATE_METHOD_MATCH = YES;
				"CODE_SIGN_IDENTITY[sdk=iphoneos*]" = "iPhone Developer";
				COPY_PHASE_STRIP = NO;
				DEBUG_INFORMATION_FORMAT = "dwarf-with-dsym";
				ENABLE_NS_ASSERTIONS = NO;
				ENABLE_STRICT_OBJC_MSGSEND = YES;
				GCC_C_LANGUAGE_STANDARD = gnu99;
				GCC_NO_COMMON_BLOCKS = YES;
				GCC_WARN_64_TO_32_BIT_CONVERSION = YES;
				GCC_WARN_ABOUT_RETURN_TYPE = YES_ERROR;
				GCC_WARN_UNDECLARED_SELECTOR = YES;
				GCC_WARN_UNINITIALIZED_AUTOS = YES_AGGRESSIVE;
				GCC_WARN_UNUSED_FUNCTION = YES;
				GCC_WARN_UNUSED_VARIABLE = YES;
				IPHONEOS_DEPLOYMENT_TARGET = 8.4;
				MTL_ENABLE_DEBUG_INFO = NO;
				SDKROOT = iphoneos;
				TARGETED_DEVICE_FAMILY = "1,2";
				VALIDATE_PRODUCT = YES;
			};
			name = Release;
		};
		EA4D366E1B8E65450060091C /* Debug */ = {
			isa = XCBuildConfiguration;
			buildSettings = {
				ASSETCATALOG_COMPILER_APPICON_NAME = AppIcon;
				CODE_SIGN_IDENTITY = "iPhone Developer";
				INFOPLIST_FILE = "Fly Smuthe/Info.plist";
				IPHONEOS_DEPLOYMENT_TARGET = 8.0;
				LD_RUNPATH_SEARCH_PATHS = "$(inherited) @executable_path/Frameworks";
				PRODUCT_NAME = "$(TARGET_NAME)";
			};
			name = Debug;
		};
		EA4D366F1B8E65450060091C /* Release */ = {
			isa = XCBuildConfiguration;
			buildSettings = {
				ASSETCATALOG_COMPILER_APPICON_NAME = AppIcon;
				CODE_SIGN_IDENTITY = "iPhone Developer";
				INFOPLIST_FILE = "Fly Smuthe/Info.plist";
				IPHONEOS_DEPLOYMENT_TARGET = 8.0;
				LD_RUNPATH_SEARCH_PATHS = "$(inherited) @executable_path/Frameworks";
				PRODUCT_NAME = "$(TARGET_NAME)";
			};
			name = Release;
		};
		EA4D36711B8E65450060091C /* Debug */ = {
			isa = XCBuildConfiguration;
			buildSettings = {
				BUNDLE_LOADER = "$(TEST_HOST)";
				FRAMEWORK_SEARCH_PATHS = (
					"$(SDKROOT)/Developer/Library/Frameworks",
					"$(inherited)",
				);
				GCC_PREPROCESSOR_DEFINITIONS = (
					"DEBUG=1",
					"$(inherited)",
				);
				INFOPLIST_FILE = "Fly SmutheTests/Info.plist";
				LD_RUNPATH_SEARCH_PATHS = "$(inherited) @executable_path/Frameworks @loader_path/Frameworks";
				PRODUCT_NAME = "$(TARGET_NAME)";
				TEST_HOST = "$(BUILT_PRODUCTS_DIR)/Fly Smuthe.app/Fly Smuthe";
			};
			name = Debug;
		};
		EA4D36721B8E65450060091C /* Release */ = {
			isa = XCBuildConfiguration;
			buildSettings = {
				BUNDLE_LOADER = "$(TEST_HOST)";
				FRAMEWORK_SEARCH_PATHS = (
					"$(SDKROOT)/Developer/Library/Frameworks",
					"$(inherited)",
				);
				INFOPLIST_FILE = "Fly SmutheTests/Info.plist";
				LD_RUNPATH_SEARCH_PATHS = "$(inherited) @executable_path/Frameworks @loader_path/Frameworks";
				PRODUCT_NAME = "$(TARGET_NAME)";
				TEST_HOST = "$(BUILT_PRODUCTS_DIR)/Fly Smuthe.app/Fly Smuthe";
			};
			name = Release;
		};
/* End XCBuildConfiguration section */

/* Begin XCConfigurationList section */
		EA4D36461B8E65450060091C /* Build configuration list for PBXProject "Fly Smuthe" */ = {
			isa = XCConfigurationList;
			buildConfigurations = (
				EA4D366B1B8E65450060091C /* Debug */,
				EA4D366C1B8E65450060091C /* Release */,
			);
			defaultConfigurationIsVisible = 0;
			defaultConfigurationName = Release;
		};
		EA4D366D1B8E65450060091C /* Build configuration list for PBXNativeTarget "Fly Smuthe" */ = {
			isa = XCConfigurationList;
			buildConfigurations = (
				EA4D366E1B8E65450060091C /* Debug */,
				EA4D366F1B8E65450060091C /* Release */,
			);
			defaultConfigurationIsVisible = 0;
			defaultConfigurationName = Release;
		};
		EA4D36701B8E65450060091C /* Build configuration list for PBXNativeTarget "Fly SmutheTests" */ = {
			isa = XCConfigurationList;
			buildConfigurations = (
				EA4D36711B8E65450060091C /* Debug */,
				EA4D36721B8E65450060091C /* Release */,
			);
			defaultConfigurationIsVisible = 0;
			defaultConfigurationName = Release;
		};
/* End XCConfigurationList section */

/* Begin XCVersionGroup section */
		EA4D36521B8E65450060091C /* Fly_Smuthe.xcdatamodeld */ = {
			isa = XCVersionGroup;
			children = (
				EA4D36531B8E65450060091C /* Fly_Smuthe.xcdatamodel */,
			);
			currentVersion = EA4D36531B8E65450060091C /* Fly_Smuthe.xcdatamodel */;
			path = Fly_Smuthe.xcdatamodeld;
			sourceTree = "<group>";
			versionGroupType = wrapper.xcdatamodel;
		};
/* End XCVersionGroup section */
	};
	rootObject = EA4D36431B8E65450060091C /* Project object */;
}
